
Microsoft Visual Studio Solution File, Format Version 12.00
# Visual Studio 15
VisualStudioVersion = 15.0.34112.143
MinimumVisualStudioVersion = 10.0.40219.1
Project("{FAE04EC0-301F-11D3-BF4B-00C04F79EFBC}") = "CaseOfWords", "QuickEditing\CaseOfWords.csproj", "{333850C1-C4FD-4DBE-97F1-80A8AE130B57}"
EndProject
Project("{FAE04EC0-301F-11D3-BF4B-00C04F79EFBC}") = "ExecutionOnAllInstances", "ExecutionOnAllInstances\ExecutionOnAllInstances.csproj", "{46BBDC09-A7DB-4AC1-BBD2-166E689D37AF}"
EndProject
Global
	GlobalSection(SolutionConfigurationPlatforms) = preSolution
		Debug|Any CPU = Debug|Any CPU
		Release|Any CPU = Release|Any CPU
	EndGlobalSection
	GlobalSection(ProjectConfigurationPlatforms) = postSolution
		{333850C1-C4FD-4DBE-97F1-80A8AE130B57}.Debug|Any CPU.ActiveCfg = Debug|Any CPU
		{333850C1-C4FD-4DBE-97F1-80A8AE130B57}.Debug|Any CPU.Build.0 = Debug|Any CPU
		{333850C1-C4FD-4DBE-97F1-80A8AE130B57}.Release|Any CPU.ActiveCfg = Release|Any CPU
		{333850C1-C4FD-4DBE-97F1-80A8AE130B57}.Release|Any CPU.Build.0 = Release|Any CPU
		{46BBDC09-A7DB-4AC1-BBD2-166E689D37AF}.Debug|Any CPU.ActiveCfg = Debug|Any CPU
		{46BBDC09-A7DB-4AC1-BBD2-166E689D37AF}.Debug|Any CPU.Build.0 = Debug|Any CPU
		{46BBDC09-A7DB-4AC1-BBD2-166E689D37AF}.Release|Any CPU.ActiveCfg = Release|Any CPU
		{46BBDC09-A7DB-4AC1-BBD2-166E689D37AF}.Release|Any CPU.Build.0 = Release|Any CPU
	EndGlobalSection
	GlobalSection(SolutionProperties) = preSolution
		HideSolutionNode = FALSE
	EndGlobalSection
	GlobalSection(ExtensibilityGlobals) = postSolution
		SolutionGuid = {C7BEFCAF-3195-4E46-AD99-2AD5A8E80EA8}
	EndGlobalSection
EndGlobal
